// !$*UTF8*$!
{
	archiveVersion = 1;
	classes = {
	};
	objectVersion = 50;
	objects = {

/* Begin PBXBuildFile section */
		7A6D081A22776FB7000144B7 /* AppDelegate.swift in Sources */ = {isa = PBXBuildFile; fileRef = 7A6D081922776FB7000144B7 /* AppDelegate.swift */; };
		7A6D081C22776FB7000144B7 /* ViewController.swift in Sources */ = {isa = PBXBuildFile; fileRef = 7A6D081B22776FB7000144B7 /* ViewController.swift */; };
		7A6D081F22776FB7000144B7 /* Main.storyboard in Resources */ = {isa = PBXBuildFile; fileRef = 7A6D081D22776FB7000144B7 /* Main.storyboard */; };
		7A6D082122776FB8000144B7 /* Assets.xcassets in Resources */ = {isa = PBXBuildFile; fileRef = 7A6D082022776FB8000144B7 /* Assets.xcassets */; };
		7A6D082422776FB8000144B7 /* LaunchScreen.storyboard in Resources */ = {isa = PBXBuildFile; fileRef = 7A6D082222776FB8000144B7 /* LaunchScreen.storyboard */; };
		7A6D082F22776FB9000144B7 /* memoryGamePlanTests.swift in Sources */ = {isa = PBXBuildFile; fileRef = 7A6D082E22776FB9000144B7 /* memoryGamePlanTests.swift */; };
		7A6D083A22776FB9000144B7 /* memoryGamePlanUITests.swift in Sources */ = {isa = PBXBuildFile; fileRef = 7A6D083922776FB9000144B7 /* memoryGamePlanUITests.swift */; };
/* End PBXBuildFile section */

/* Begin PBXContainerItemProxy section */
		7A6D082B22776FB9000144B7 /* PBXContainerItemProxy */ = {
			isa = PBXContainerItemProxy;
			containerPortal = 7A6D080E22776FB7000144B7 /* Project object */;
			proxyType = 1;
			remoteGlobalIDString = 7A6D081522776FB7000144B7;
			remoteInfo = memoryGamePlan;
		};
		7A6D083622776FB9000144B7 /* PBXContainerItemProxy */ = {
			isa = PBXContainerItemProxy;
			containerPortal = 7A6D080E22776FB7000144B7 /* Project object */;
			proxyType = 1;
			remoteGlobalIDString = 7A6D081522776FB7000144B7;
			remoteInfo = memoryGamePlan;
		};
/* End PBXContainerItemProxy section */

/* Begin PBXFileReference section */
		7A6D081622776FB7000144B7 /* memoryGamePlan.app */ = {isa = PBXFileReference; explicitFileType = wrapper.application; includeInIndex = 0; path = memoryGamePlan.app; sourceTree = BUILT_PRODUCTS_DIR; };
		7A6D081922776FB7000144B7 /* AppDelegate.swift */ = {isa = PBXFileReference; lastKnownFileType = sourcecode.swift; path = AppDelegate.swift; sourceTree = "<group>"; };
		7A6D081B22776FB7000144B7 /* ViewController.swift */ = {isa = PBXFileReference; lastKnownFileType = sourcecode.swift; path = ViewController.swift; sourceTree = "<group>"; };
		7A6D081E22776FB7000144B7 /* Base */ = {isa = PBXFileReference; lastKnownFileType = file.storyboard; name = Base; path = Base.lproj/Main.storyboard; sourceTree = "<group>"; };
		7A6D082022776FB8000144B7 /* Assets.xcassets */ = {isa = PBXFileReference; lastKnownFileType = folder.assetcatalog; path = Assets.xcassets; sourceTree = "<group>"; };
		7A6D082322776FB8000144B7 /* Base */ = {isa = PBXFileReference; lastKnownFileType = file.storyboard; name = Base; path = Base.lproj/LaunchScreen.storyboard; sourceTree = "<group>"; };
		7A6D082522776FB8000144B7 /* Info.plist */ = {isa = PBXFileReference; lastKnownFileType = text.plist.xml; path = Info.plist; sourceTree = "<group>"; };
		7A6D082A22776FB9000144B7 /* memoryGamePlanTests.xctest */ = {isa = PBXFileReference; explicitFileType = wrapper.cfbundle; includeInIndex = 0; path = memoryGamePlanTests.xctest; sourceTree = BUILT_PRODUCTS_DIR; };
		7A6D082E22776FB9000144B7 /* memoryGamePlanTests.swift */ = {isa = PBXFileReference; lastKnownFileType = sourcecode.swift; path = memoryGamePlanTests.swift; sourceTree = "<group>"; };
		7A6D083022776FB9000144B7 /* Info.plist */ = {isa = PBXFileReference; lastKnownFileType = text.plist.xml; path = Info.plist; sourceTree = "<group>"; };
		7A6D083522776FB9000144B7 /* memoryGamePlanUITests.xctest */ = {isa = PBXFileReference; explicitFileType = wrapper.cfbundle; includeInIndex = 0; path = memoryGamePlanUITests.xctest; sourceTree = BUILT_PRODUCTS_DIR; };
		7A6D083922776FB9000144B7 /* memoryGamePlanUITests.swift */ = {isa = PBXFileReference; lastKnownFileType = sourcecode.swift; path = memoryGamePlanUITests.swift; sourceTree = "<group>"; };
		7A6D083B22776FB9000144B7 /* Info.plist */ = {isa = PBXFileReference; lastKnownFileType = text.plist.xml; path = Info.plist; sourceTree = "<group>"; };
/* End PBXFileReference section */

/* Begin PBXFrameworksBuildPhase section */
		7A6D081322776FB7000144B7 /* Frameworks */ = {
			isa = PBXFrameworksBuildPhase;
			buildActionMask = 2147483647;
			files = (
			);
			runOnlyForDeploymentPostprocessing = 0;
		};
		7A6D082722776FB9000144B7 /* Frameworks */ = {
			isa = PBXFrameworksBuildPhase;
			buildActionMask = 2147483647;
			files = (
			);
			runOnlyForDeploymentPostprocessing = 0;
		};
		7A6D083222776FB9000144B7 /* Frameworks */ = {
			isa = PBXFrameworksBuildPhase;
			buildActionMask = 2147483647;
			files = (
			);
			runOnlyForDeploymentPostprocessing = 0;
		};
/* End PBXFrameworksBuildPhase section */

/* Begin PBXGroup section */
		7A6D080D22776FB7000144B7 = {
			isa = PBXGroup;
			children = (
				7A6D081822776FB7000144B7 /* memoryGamePlan */,
				7A6D082D22776FB9000144B7 /* memoryGamePlanTests */,
				7A6D083822776FB9000144B7 /* memoryGamePlanUITests */,
				7A6D081722776FB7000144B7 /* Products */,
			);
			sourceTree = "<group>";
		};
		7A6D081722776FB7000144B7 /* Products */ = {
			isa = PBXGroup;
			children = (
				7A6D081622776FB7000144B7 /* memoryGamePlan.app */,
				7A6D082A22776FB9000144B7 /* memoryGamePlanTests.xctest */,
				7A6D083522776FB9000144B7 /* memoryGamePlanUITests.xctest */,
			);
			name = Products;
			sourceTree = "<group>";
		};
		7A6D081822776FB7000144B7 /* memoryGamePlan */ = {
			isa = PBXGroup;
			children = (
				7A6D081922776FB7000144B7 /* AppDelegate.swift */,
				7A6D081B22776FB7000144B7 /* ViewController.swift */,
				7A6D081D22776FB7000144B7 /* Main.storyboard */,
				7A6D082022776FB8000144B7 /* Assets.xcassets */,
				7A6D082222776FB8000144B7 /* LaunchScreen.storyboard */,
				7A6D082522776FB8000144B7 /* Info.plist */,
			);
			path = memoryGamePlan;
			sourceTree = "<group>";
		};
		7A6D082D22776FB9000144B7 /* memoryGamePlanTests */ = {
			isa = PBXGroup;
			children = (
				7A6D082E22776FB9000144B7 /* memoryGamePlanTests.swift */,
				7A6D083022776FB9000144B7 /* Info.plist */,
			);
			path = memoryGamePlanTests;
			sourceTree = "<group>";
		};
		7A6D083822776FB9000144B7 /* memoryGamePlanUITests */ = {
			isa = PBXGroup;
			children = (
				7A6D083922776FB9000144B7 /* memoryGamePlanUITests.swift */,
				7A6D083B22776FB9000144B7 /* Info.plist */,
			);
			path = memoryGamePlanUITests;
			sourceTree = "<group>";
		};
/* End PBXGroup section */

/* Begin PBXNativeTarget section */
		7A6D081522776FB7000144B7 /* memoryGamePlan */ = {
			isa = PBXNativeTarget;
			buildConfigurationList = 7A6D083E22776FB9000144B7 /* Build configuration list for PBXNativeTarget "memoryGamePlan" */;
			buildPhases = (
				7A6D081222776FB7000144B7 /* Sources */,
				7A6D081322776FB7000144B7 /* Frameworks */,
				7A6D081422776FB7000144B7 /* Resources */,
			);
			buildRules = (
			);
			dependencies = (
			);
			name = memoryGamePlan;
			productName = memoryGamePlan;
			productReference = 7A6D081622776FB7000144B7 /* memoryGamePlan.app */;
			productType = "com.apple.product-type.application";
		};
		7A6D082922776FB9000144B7 /* memoryGamePlanTests */ = {
			isa = PBXNativeTarget;
			buildConfigurationList = 7A6D084122776FB9000144B7 /* Build configuration list for PBXNativeTarget "memoryGamePlanTests" */;
			buildPhases = (
				7A6D082622776FB9000144B7 /* Sources */,
				7A6D082722776FB9000144B7 /* Frameworks */,
				7A6D082822776FB9000144B7 /* Resources */,
			);
			buildRules = (
			);
			dependencies = (
				7A6D082C22776FB9000144B7 /* PBXTargetDependency */,
			);
			name = memoryGamePlanTests;
			productName = memoryGamePlanTests;
			productReference = 7A6D082A22776FB9000144B7 /* memoryGamePlanTests.xctest */;
			productType = "com.apple.product-type.bundle.unit-test";
		};
		7A6D083422776FB9000144B7 /* memoryGamePlanUITests */ = {
			isa = PBXNativeTarget;
			buildConfigurationList = 7A6D084422776FB9000144B7 /* Build configuration list for PBXNativeTarget "memoryGamePlanUITests" */;
			buildPhases = (
				7A6D083122776FB9000144B7 /* Sources */,
				7A6D083222776FB9000144B7 /* Frameworks */,
				7A6D083322776FB9000144B7 /* Resources */,
			);
			buildRules = (
			);
			dependencies = (
				7A6D083722776FB9000144B7 /* PBXTargetDependency */,
			);
			name = memoryGamePlanUITests;
			productName = memoryGamePlanUITests;
			productReference = 7A6D083522776FB9000144B7 /* memoryGamePlanUITests.xctest */;
			productType = "com.apple.product-type.bundle.ui-testing";
		};
/* End PBXNativeTarget section */

/* Begin PBXProject section */
		7A6D080E22776FB7000144B7 /* Project object */ = {
			isa = PBXProject;
			attributes = {
				LastSwiftUpdateCheck = 1010;
				LastUpgradeCheck = 1010;
				ORGANIZATIONNAME = malila;
				TargetAttributes = {
					7A6D081522776FB7000144B7 = {
						CreatedOnToolsVersion = 10.1;
					};
					7A6D082922776FB9000144B7 = {
						CreatedOnToolsVersion = 10.1;
						TestTargetID = 7A6D081522776FB7000144B7;
					};
					7A6D083422776FB9000144B7 = {
						CreatedOnToolsVersion = 10.1;
						TestTargetID = 7A6D081522776FB7000144B7;
					};
				};
			};
			buildConfigurationList = 7A6D081122776FB7000144B7 /* Build configuration list for PBXProject "memoryGamePlan" */;
			compatibilityVersion = "Xcode 9.3";
			developmentRegion = en;
			hasScannedForEncodings = 0;
			knownRegions = (
				en,
				Base,
			);
			mainGroup = 7A6D080D22776FB7000144B7;
			productRefGroup = 7A6D081722776FB7000144B7 /* Products */;
			projectDirPath = "";
			projectRoot = "";
			targets = (
				7A6D081522776FB7000144B7 /* memoryGamePlan */,
				7A6D082922776FB9000144B7 /* memoryGamePlanTests */,
				7A6D083422776FB9000144B7 /* memoryGamePlanUITests */,
			);
		};
/* End PBXProject section */

/* Begin PBXResourcesBuildPhase section */
		7A6D081422776FB7000144B7 /* Resources */ = {
			isa = PBXResourcesBuildPhase;
			buildActionMask = 2147483647;
			files = (
				7A6D082422776FB8000144B7 /* LaunchScreen.storyboard in Resources */,
				7A6D082122776FB8000144B7 /* Assets.xcassets in Resources */,
				7A6D081F22776FB7000144B7 /* Main.storyboard in Resources */,
			);
			runOnlyForDeploymentPostprocessing = 0;
		};
		7A6D082822776FB9000144B7 /* Resources */ = {
			isa = PBXResourcesBuildPhase;
			buildActionMask = 2147483647;
			files = (
			);
			runOnlyForDeploymentPostprocessing = 0;
		};
		7A6D083322776FB9000144B7 /* Resources */ = {
			isa = PBXResourcesBuildPhase;
			buildActionMask = 2147483647;
			files = (
			);
			runOnlyForDeploymentPostprocessing = 0;
		};
/* End PBXResourcesBuildPhase section */

/* Begin PBXSourcesBuildPhase section */
		7A6D081222776FB7000144B7 /* Sources */ = {
			isa = PBXSourcesBuildPhase;
			buildActionMask = 2147483647;
			files = (
				7A6D081C22776FB7000144B7 /* ViewController.swift in Sources */,
				7A6D081A22776FB7000144B7 /* AppDelegate.swift in Sources */,
			);
			runOnlyForDeploymentPostprocessing = 0;
		};
		7A6D082622776FB9000144B7 /* Sources */ = {
			isa = PBXSourcesBuildPhase;
			buildActionMask = 2147483647;
			files = (
				7A6D082F22776FB9000144B7 /* memoryGamePlanTests.swift in Sources */,
			);
			runOnlyForDeploymentPostprocessing = 0;
		};
		7A6D083122776FB9000144B7 /* Sources */ = {
			isa = PBXSourcesBuildPhase;
			buildActionMask = 2147483647;
			files = (
				7A6D083A22776FB9000144B7 /* memoryGamePlanUITests.swift in Sources */,
			);
			runOnlyForDeploymentPostprocessing = 0;
		};
/* End PBXSourcesBuildPhase section */

/* Begin PBXTargetDependency section */
		7A6D082C22776FB9000144B7 /* PBXTargetDependency */ = {
			isa = PBXTargetDependency;
			target = 7A6D081522776FB7000144B7 /* memoryGamePlan */;
			targetProxy = 7A6D082B22776FB9000144B7 /* PBXContainerItemProxy */;
		};
		7A6D083722776FB9000144B7 /* PBXTargetDependency */ = {
			isa = PBXTargetDependency;
			target = 7A6D081522776FB7000144B7 /* memoryGamePlan */;
			targetProxy = 7A6D083622776FB9000144B7 /* PBXContainerItemProxy */;
		};
/* End PBXTargetDependency section */

/* Begin PBXVariantGroup section */
		7A6D081D22776FB7000144B7 /* Main.storyboard */ = {
			isa = PBXVariantGroup;
			children = (
				7A6D081E22776FB7000144B7 /* Base */,
			);
			name = Main.storyboard;
			sourceTree = "<group>";
		};
		7A6D082222776FB8000144B7 /* LaunchScreen.storyboard */ = {
			isa = PBXVariantGroup;
			children = (
				7A6D082322776FB8000144B7 /* Base */,
			);
			name = LaunchScreen.storyboard;
			sourceTree = "<group>";
		};
/* End PBXVariantGroup section */

/* Begin XCBuildConfiguration section */
		7A6D083C22776FB9000144B7 /* Debug */ = {
			isa = XCBuildConfiguration;
			buildSettings = {
				ALWAYS_SEARCH_USER_PATHS = NO;
				CLANG_ANALYZER_NONNULL = YES;
				CLANG_ANALYZER_NUMBER_OBJECT_CONVERSION = YES_AGGRESSIVE;
				CLANG_CXX_LANGUAGE_STANDARD = "gnu++14";
				CLANG_CXX_LIBRARY = "libc++";
				CLANG_ENABLE_MODULES = YES;
				CLANG_ENABLE_OBJC_ARC = YES;
				CLANG_ENABLE_OBJC_WEAK = YES;
				CLANG_WARN_BLOCK_CAPTURE_AUTORELEASING = YES;
				CLANG_WARN_BOOL_CONVERSION = YES;
				CLANG_WARN_COMMA = YES;
				CLANG_WARN_CONSTANT_CONVERSION = YES;
				CLANG_WARN_DEPRECATED_OBJC_IMPLEMENTATIONS = YES;
				CLANG_WARN_DIRECT_OBJC_ISA_USAGE = YES_ERROR;
				CLANG_WARN_DOCUMENTATION_COMMENTS = YES;
				CLANG_WARN_EMPTY_BODY = YES;
				CLANG_WARN_ENUM_CONVERSION = YES;
				CLANG_WARN_INFINITE_RECURSION = YES;
				CLANG_WARN_INT_CONVERSION = YES;
				CLANG_WARN_NON_LITERAL_NULL_CONVERSION = YES;
				CLANG_WARN_OBJC_IMPLICIT_RETAIN_SELF = YES;
				CLANG_WARN_OBJC_LITERAL_CONVERSION = YES;
				CLANG_WARN_OBJC_ROOT_CLASS = YES_ERROR;
				CLANG_WARN_RANGE_LOOP_ANALYSIS = YES;
				CLANG_WARN_STRICT_PROTOTYPES = YES;
				CLANG_WARN_SUSPICIOUS_MOVE = YES;
				CLANG_WARN_UNGUARDED_AVAILABILITY = YES_AGGRESSIVE;
				CLANG_WARN_UNREACHABLE_CODE = YES;
				CLANG_WARN__DUPLICATE_METHOD_MATCH = YES;
				CODE_SIGN_IDENTITY = "iPhone Developer";
				COPY_PHASE_STRIP = NO;
				DEBUG_INFORMATION_FORMAT = dwarf;
				ENABLE_STRICT_OBJC_MSGSEND = YES;
				ENABLE_TESTABILITY = YES;
				GCC_C_LANGUAGE_STANDARD = gnu11;
				GCC_DYNAMIC_NO_PIC = NO;
				GCC_NO_COMMON_BLOCKS = YES;
				GCC_OPTIMIZATION_LEVEL = 0;
				GCC_PREPROCESSOR_DEFINITIONS = (
					"DEBUG=1",
					"$(inherited)",
				);
				GCC_WARN_64_TO_32_BIT_CONVERSION = YES;
				GCC_WARN_ABOUT_RETURN_TYPE = YES_ERROR;
				GCC_WARN_UNDECLARED_SELECTOR = YES;
				GCC_WARN_UNINITIALIZED_AUTOS = YES_AGGRESSIVE;
				GCC_WARN_UNUSED_FUNCTION = YES;
				GCC_WARN_UNUSED_VARIABLE = YES;
				IPHONEOS_DEPLOYMENT_TARGET = 12.1;
				MTL_ENABLE_DEBUG_INFO = INCLUDE_SOURCE;
				MTL_FAST_MATH = YES;
				ONLY_ACTIVE_ARCH = YES;
				SDKROOT = iphoneos;
				SWIFT_ACTIVE_COMPILATION_CONDITIONS = DEBUG;
				SWIFT_OPTIMIZATION_LEVEL = "-Onone";
			};
			name = Debug;
		};
		7A6D083D22776FB9000144B7 /* Release */ = {
			isa = XCBuildConfiguration;
			buildSettings = {
				ALWAYS_SEARCH_USER_PATHS = NO;
				CLANG_ANALYZER_NONNULL = YES;
				CLANG_ANALYZER_NUMBER_OBJECT_CONVERSION = YES_AGGRESSIVE;
				CLANG_CXX_LANGUAGE_STANDARD = "gnu++14";
				CLANG_CXX_LIBRARY = "libc++";
				CLANG_ENABLE_MODULES = YES;
				CLANG_ENABLE_OBJC_ARC = YES;
				CLANG_ENABLE_OBJC_WEAK = YES;
				CLANG_WARN_BLOCK_CAPTURE_AUTORELEASING = YES;
				CLANG_WARN_BOOL_CONVERSION = YES;
				CLANG_WARN_COMMA = YES;
				CLANG_WARN_CONSTANT_CONVERSION = YES;
				CLANG_WARN_DEPRECATED_OBJC_IMPLEMENTATIONS = YES;
				CLANG_WARN_DIRECT_OBJC_ISA_USAGE = YES_ERROR;
				CLANG_WARN_DOCUMENTATION_COMMENTS = YES;
				CLANG_WARN_EMPTY_BODY = YES;
				CLANG_WARN_ENUM_CONVERSION = YES;
				CLANG_WARN_INFINITE_RECURSION = YES;
				CLANG_WARN_INT_CONVERSION = YES;
				CLANG_WARN_NON_LITERAL_NULL_CONVERSION = YES;
				CLANG_WARN_OBJC_IMPLICIT_RETAIN_SELF = YES;
				CLANG_WARN_OBJC_LITERAL_CONVERSION = YES;
				CLANG_WARN_OBJC_ROOT_CLASS = YES_ERROR;
				CLANG_WARN_RANGE_LOOP_ANALYSIS = YES;
				CLANG_WARN_STRICT_PROTOTYPES = YES;
				CLANG_WARN_SUSPICIOUS_MOVE = YES;
				CLANG_WARN_UNGUARDED_AVAILABILITY = YES_AGGRESSIVE;
				CLANG_WARN_UNREACHABLE_CODE = YES;
				CLANG_WARN__DUPLICATE_METHOD_MATCH = YES;
				CODE_SIGN_IDENTITY = "iPhone Developer";
				COPY_PHASE_STRIP = NO;
				DEBUG_INFORMATION_FORMAT = "dwarf-with-dsym";
				ENABLE_NS_ASSERTIONS = NO;
				ENABLE_STRICT_OBJC_MSGSEND = YES;
				GCC_C_LANGUAGE_STANDARD = gnu11;
				GCC_NO_COMMON_BLOCKS = YES;
				GCC_WARN_64_TO_32_BIT_CONVERSION = YES;
				GCC_WARN_ABOUT_RETURN_TYPE = YES_ERROR;
				GCC_WARN_UNDECLARED_SELECTOR = YES;
				GCC_WARN_UNINITIALIZED_AUTOS = YES_AGGRESSIVE;
				GCC_WARN_UNUSED_FUNCTION = YES;
				GCC_WARN_UNUSED_VARIABLE = YES;
				IPHONEOS_DEPLOYMENT_TARGET = 12.1;
				MTL_ENABLE_DEBUG_INFO = NO;
				MTL_FAST_MATH = YES;
				SDKROOT = iphoneos;
				SWIFT_COMPILATION_MODE = wholemodule;
				SWIFT_OPTIMIZATION_LEVEL = "-O";
				VALIDATE_PRODUCT = YES;
			};
			name = Release;
		};
		7A6D083F22776FB9000144B7 /* Debug */ = {
			isa = XCBuildConfiguration;
			buildSettings = {
				ASSETCATALOG_COMPILER_APPICON_NAME = AppIcon;
				CODE_SIGN_STYLE = Automatic;
				INFOPLIST_FILE = memoryGamePlan/Info.plist;
				LD_RUNPATH_SEARCH_PATHS = (
					"$(inherited)",
					"@executable_path/Frameworks",
				);
				PRODUCT_BUNDLE_IDENTIFIER = clc.memoryGamePlan;
				PRODUCT_NAME = "$(TARGET_NAME)";
				SWIFT_VERSION = 4.2;
				TARGETED_DEVICE_FAMILY = "1,2";
			};
			name = Debug;
		};
		7A6D084022776FB9000144B7 /* Release */ = {
			isa = XCBuildConfiguration;
			buildSettings = {
				ASSETCATALOG_COMPILER_APPICON_NAME = AppIcon;
				CODE_SIGN_STYLE = Automatic;
				INFOPLIST_FILE = memoryGamePlan/Info.plist;
				LD_RUNPATH_SEARCH_PATHS = (
					"$(inherited)",
					"@executable_path/Frameworks",
				);
				PRODUCT_BUNDLE_IDENTIFIER = clc.memoryGamePlan;
				PRODUCT_NAME = "$(TARGET_NAME)";
				SWIFT_VERSION = 4.2;
				TARGETED_DEVICE_FAMILY = "1,2";
			};
			name = Release;
		};
		7A6D084222776FB9000144B7 /* Debug */ = {
			isa = XCBuildConfiguration;
			buildSettings = {
				ALWAYS_EMBED_SWIFT_STANDARD_LIBRARIES = YES;
				BUNDLE_LOADER = "$(TEST_HOST)";
				CODE_SIGN_STYLE = Automatic;
				INFOPLIST_FILE = memoryGamePlanTests/Info.plist;
				LD_RUNPATH_SEARCH_PATHS = (
					"$(inherited)",
					"@executable_path/Frameworks",
					"@loader_path/Frameworks",
				);
				PRODUCT_BUNDLE_IDENTIFIER = clc.memoryGamePlanTests;
				PRODUCT_NAME = "$(TARGET_NAME)";
				SWIFT_VERSION = 4.2;
				TARGETED_DEVICE_FAMILY = "1,2";
				TEST_HOST = "$(BUILT_PRODUCTS_DIR)/memoryGamePlan.app/memoryGamePlan";
			};
			name = Debug;
		};
		7A6D084322776FB9000144B7 /* Release */ = {
			isa = XCBuildConfiguration;
			buildSettings = {
				ALWAYS_EMBED_SWIFT_STANDARD_LIBRARIES = YES;
				BUNDLE_LOADER = "$(TEST_HOST)";
				CODE_SIGN_STYLE = Automatic;
				INFOPLIST_FILE = memoryGamePlanTests/Info.plist;
				LD_RUNPATH_SEARCH_PATHS = (
					"$(inherited)",
					"@executable_path/Frameworks",
					"@loader_path/Frameworks",
				);
				PRODUCT_BUNDLE_IDENTIFIER = clc.memoryGamePlanTests;
				PRODUCT_NAME = "$(TARGET_NAME)";
				SWIFT_VERSION = 4.2;
				TARGETED_DEVICE_FAMILY = "1,2";
				TEST_HOST = "$(BUILT_PRODUCTS_DIR)/memoryGamePlan.app/memoryGamePlan";
			};
			name = Release;
		};
		7A6D084522776FB9000144B7 /* Debug */ = {
			isa = XCBuildConfiguration;
			buildSettings = {
				ALWAYS_EMBED_SWIFT_STANDARD_LIBRARIES = YES;
				CODE_SIGN_STYLE = Automatic;
				INFOPLIST_FILE = memoryGamePlanUITests/Info.plist;
				LD_RUNPATH_SEARCH_PATHS = (
					"$(inherited)",
					"@executable_path/Frameworks",
					"@loader_path/Frameworks",
				);
				PRODUCT_BUNDLE_IDENTIFIER = clc.memoryGamePlanUITests;
				PRODUCT_NAME = "$(TARGET_NAME)";
				SWIFT_VERSION = 4.2;
				TARGETED_DEVICE_FAMILY = "1,2";
				TEST_TARGET_NAME = memoryGamePlan;
			};
			name = Debug;
		};
		7A6D084622776FB9000144B7 /* Release */ = {
			isa = XCBuildConfiguration;
			buildSettings = {
				ALWAYS_EMBED_SWIFT_STANDARD_LIBRARIES = YES;
				CODE_SIGN_STYLE = Automatic;
				INFOPLIST_FILE = memoryGamePlanUITests/Info.plist;
				LD_RUNPATH_SEARCH_PATHS = (
					"$(inherited)",
					"@executable_path/Frameworks",
					"@loader_path/Frameworks",
				);
				PRODUCT_BUNDLE_IDENTIFIER = clc.memoryGamePlanUITests;
				PRODUCT_NAME = "$(TARGET_NAME)";
				SWIFT_VERSION = 4.2;
				TARGETED_DEVICE_FAMILY = "1,2";
				TEST_TARGET_NAME = memoryGamePlan;
			};
			name = Release;
		};
/* End XCBuildConfiguration section */

/* Begin XCConfigurationList section */
		7A6D081122776FB7000144B7 /* Build configuration list for PBXProject "memoryGamePlan" */ = {
			isa = XCConfigurationList;
			buildConfigurations = (
				7A6D083C22776FB9000144B7 /* Debug */,
				7A6D083D22776FB9000144B7 /* Release */,
			);
			defaultConfigurationIsVisible = 0;
			defaultConfigurationName = Release;
		};
		7A6D083E22776FB9000144B7 /* Build configuration list for PBXNativeTarget "memoryGamePlan" */ = {
			isa = XCConfigurationList;
			buildConfigurations = (
				7A6D083F22776FB9000144B7 /* Debug */,
				7A6D084022776FB9000144B7 /* Release */,
			);
			defaultConfigurationIsVisible = 0;
			defaultConfigurationName = Release;
		};
		7A6D084122776FB9000144B7 /* Build configuration list for PBXNativeTarget "memoryGamePlanTests" */ = {
			isa = XCConfigurationList;
			buildConfigurations = (
				7A6D084222776FB9000144B7 /* Debug */,
				7A6D084322776FB9000144B7 /* Release */,
			);
			defaultConfigurationIsVisible = 0;
			defaultConfigurationName = Release;
		};
		7A6D084422776FB9000144B7 /* Build configuration list for PBXNativeTarget "memoryGamePlanUITests" */ = {
			isa = XCConfigurationList;
			buildConfigurations = (
				7A6D084522776FB9000144B7 /* Debug */,
				7A6D084622776FB9000144B7 /* Release */,
			);
			defaultConfigurationIsVisible = 0;
			defaultConfigurationName = Release;
		};
/* End XCConfigurationList section */
	};
	rootObject = 7A6D080E22776FB7000144B7 /* Project object */;
}
